
Microsoft Visual Studio Solution File, Format Version 12.00
# Visual Studio Version 16
VisualStudioVersion = 16.0.30717.126
MinimumVisualStudioVersion = 10.0.40219.1
Project("{FAE04EC0-301F-11D3-BF4B-00C04F79EFBC}") = "CSVParserAddin", "ExcelAddIn1\CSVParserAddin.csproj", "{096B3639-4AA5-4C57-8A69-4ABEBB9EBA95}"
EndProject
Global
	GlobalSection(SolutionConfigurationPlatforms) = preSolution
		Debug|Any CPU = Debug|Any CPU
		Release|Any CPU = Release|Any CPU
	EndGlobalSection
	GlobalSection(ProjectConfigurationPlatforms) = postSolution
		{096B3639-4AA5-4C57-8A69-4ABEBB9EBA95}.Debug|Any CPU.ActiveCfg = Debug|Any CPU
		{096B3639-4AA5-4C57-8A69-4ABEBB9EBA95}.Debug|Any CPU.Build.0 = Debug|Any CPU
		{096B3639-4AA5-4C57-8A69-4ABEBB9EBA95}.Release|Any CPU.ActiveCfg = Release|Any CPU
		{096B3639-4AA5-4C57-8A69-4ABEBB9EBA95}.Release|Any CPU.Build.0 = Release|Any CPU
	EndGlobalSection
	GlobalSection(SolutionProperties) = preSolution
		HideSolutionNode = FALSE
	EndGlobalSection
	GlobalSection(ExtensibilityGlobals) = postSolution
		SolutionGuid = {18E6FA20-A64F-4A63-9349-0F75B927BCDD}
	EndGlobalSection
EndGlobal
